
Microsoft Visual Studio Solution File, Format Version 12.00
# Visual Studio Version 16
VisualStudioVersion = 16.0.31205.134
MinimumVisualStudioVersion = 10.0.40219.1
Project("{9A19103F-16F7-4668-BE54-9A1E7A4F7556}") = "MyEventComPrism21", "MyEventComPrism21\MyEventComPrism21\MyEventComPrism21.csproj", "{0A253EE7-02E0-4464-B711-CC8AB3849F30}"
EndProject
Project("{FAE04EC0-301F-11D3-BF4B-00C04F79EFBC}") = "MyEventComPrism21.Android", "MyEventComPrism21\MyEventComPrism21.Android\MyEventComPrism21.Android.csproj", "{7818596D-401B-4B65-9E9C-945BE688178C}"
EndProject
Project("{FAE04EC0-301F-11D3-BF4B-00C04F79EFBC}") = "MyEventComPrism21.iOS", "MyEventComPrism21\MyEventComPrism21.iOS\MyEventComPrism21.iOS.csproj", "{FD645DD7-CAA4-4102-AB05-0B9CC1C9DABA}"
EndProject
Project("{FAE04EC0-301F-11D3-BF4B-00C04F79EFBC}") = "MyEventComPrism21.UWP", "MyEventComPrism21\MyEventComPrism21.UWP\MyEventComPrism21.UWP.csproj", "{20C91B71-C79F-42C9-B75C-00BD72F6F79B}"
EndProject
Global
	GlobalSection(SolutionConfigurationPlatforms) = preSolution
		Ad-Hoc|Any CPU = Ad-Hoc|Any CPU
		Ad-Hoc|ARM = Ad-Hoc|ARM
		Ad-Hoc|iPhone = Ad-Hoc|iPhone
		Ad-Hoc|iPhoneSimulator = Ad-Hoc|iPhoneSimulator
		Ad-Hoc|x64 = Ad-Hoc|x64
		Ad-Hoc|x86 = Ad-Hoc|x86
		AppStore|Any CPU = AppStore|Any CPU
		AppStore|ARM = AppStore|ARM
		AppStore|iPhone = AppStore|iPhone
		AppStore|iPhoneSimulator = AppStore|iPhoneSimulator
		AppStore|x64 = AppStore|x64
		AppStore|x86 = AppStore|x86
		Debug|Any CPU = Debug|Any CPU
		Debug|ARM = Debug|ARM
		Debug|iPhone = Debug|iPhone
		Debug|iPhoneSimulator = Debug|iPhoneSimulator
		Debug|x64 = Debug|x64
		Debug|x86 = Debug|x86
		Release|Any CPU = Release|Any CPU
		Release|ARM = Release|ARM
		Release|iPhone = Release|iPhone
		Release|iPhoneSimulator = Release|iPhoneSimulator
		Release|x64 = Release|x64
		Release|x86 = Release|x86
	EndGlobalSection
	GlobalSection(ProjectConfigurationPlatforms) = postSolution
		{0A253EE7-02E0-4464-B711-CC8AB3849F30}.Ad-Hoc|Any CPU.ActiveCfg = Debug|Any CPU
		{0A253EE7-02E0-4464-B711-CC8AB3849F30}.Ad-Hoc|Any CPU.Build.0 = Debug|Any CPU
		{0A253EE7-02E0-4464-B711-CC8AB3849F30}.Ad-Hoc|ARM.ActiveCfg = Debug|Any CPU
		{0A253EE7-02E0-4464-B711-CC8AB3849F30}.Ad-Hoc|ARM.Build.0 = Debug|Any CPU
		{0A253EE7-02E0-4464-B711-CC8AB3849F30}.Ad-Hoc|iPhone.ActiveCfg = Debug|Any CPU
		{0A253EE7-02E0-4464-B711-CC8AB3849F30}.Ad-Hoc|iPhone.Build.0 = Debug|Any CPU
		{0A253EE7-02E0-4464-B711-CC8AB3849F30}.Ad-Hoc|iPhoneSimulator.ActiveCfg = Debug|Any CPU
		{0A253EE7-02E0-4464-B711-CC8AB3849F30}.Ad-Hoc|iPhoneSimulator.Build.0 = Debug|Any CPU
		{0A253EE7-02E0-4464-B711-CC8AB3849F30}.Ad-Hoc|x64.ActiveCfg = Debug|Any CPU
		{0A253EE7-02E0-4464-B711-CC8AB3849F30}.Ad-Hoc|x64.Build.0 = Debug|Any CPU
		{0A253EE7-02E0-4464-B711-CC8AB3849F30}.Ad-Hoc|x86.ActiveCfg = Debug|Any CPU
		{0A253EE7-02E0-4464-B711-CC8AB3849F30}.Ad-Hoc|x86.Build.0 = Debug|Any CPU
		{0A253EE7-02E0-4464-B711-CC8AB3849F30}.AppStore|Any CPU.ActiveCfg = Debug|Any CPU
		{0A253EE7-02E0-4464-B711-CC8AB3849F30}.AppStore|Any CPU.Build.0 = Debug|Any CPU
		{0A253EE7-02E0-4464-B711-CC8AB3849F30}.AppStore|ARM.ActiveCfg = Debug|Any CPU
		{0A253EE7-02E0-4464-B711-CC8AB3849F30}.AppStore|ARM.Build.0 = Debug|Any CPU
		{0A253EE7-02E0-4464-B711-CC8AB3849F30}.AppStore|iPhone.ActiveCfg = Debug|Any CPU
		{0A253EE7-02E0-4464-B711-CC8AB3849F30}.AppStore|iPhone.Build.0 = Debug|Any CPU
		{0A253EE7-02E0-4464-B711-CC8AB3849F30}.AppStore|iPhoneSimulator.ActiveCfg = Debug|Any CPU
		{0A253EE7-02E0-4464-B711-CC8AB3849F30}.AppStore|iPhoneSimulator.Build.0 = Debug|Any CPU
		{0A253EE7-02E0-4464-B711-CC8AB3849F30}.AppStore|x64.ActiveCfg = Debug|Any CPU
		{0A253EE7-02E0-4464-B711-CC8AB3849F30}.AppStore|x64.Build.0 = Debug|Any CPU
		{0A253EE7-02E0-4464-B711-CC8AB3849F30}.AppStore|x86.ActiveCfg = Debug|Any CPU
		{0A253EE7-02E0-4464-B711-CC8AB3849F30}.AppStore|x86.Build.0 = Debug|Any CPU
		{0A253EE7-02E0-4464-B711-CC8AB3849F30}.Debug|Any CPU.ActiveCfg = Debug|Any CPU
		{0A253EE7-02E0-4464-B711-CC8AB3849F30}.Debug|Any CPU.Build.0 = Debug|Any CPU
		{0A253EE7-02E0-4464-B711-CC8AB3849F30}.Debug|ARM.ActiveCfg = Debug|Any CPU
		{0A253EE7-02E0-4464-B711-CC8AB3849F30}.Debug|ARM.Build.0 = Debug|Any CPU
		{0A253EE7-02E0-4464-B711-CC8AB3849F30}.Debug|iPhone.ActiveCfg = Debug|Any CPU
		{0A253EE7-02E0-4464-B711-CC8AB3849F30}.Debug|iPhone.Build.0 = Debug|Any CPU
		{0A253EE7-02E0-4464-B711-CC8AB3849F30}.Debug|iPhoneSimulator.ActiveCfg = Debug|Any CPU
		{0A253EE7-02E0-4464-B711-CC8AB3849F30}.Debug|iPhoneSimulator.Build.0 = Debug|Any CPU
		{0A253EE7-02E0-4464-B711-CC8AB3849F30}.Debug|x64.ActiveCfg = Debug|Any CPU
		{0A253EE7-02E0-4464-B711-CC8AB3849F30}.Debug|x64.Build.0 = Debug|Any CPU
		{0A253EE7-02E0-4464-B711-CC8AB3849F30}.Debug|x86.ActiveCfg = Debug|Any CPU
		{0A253EE7-02E0-4464-B711-CC8AB3849F30}.Debug|x86.Build.0 = Debug|Any CPU
		{0A253EE7-02E0-4464-B711-CC8AB3849F30}.Release|Any CPU.ActiveCfg = Release|Any CPU
		{0A253EE7-02E0-4464-B711-CC8AB3849F30}.Release|Any CPU.Build.0 = Release|Any CPU
		{0A253EE7-02E0-4464-B711-CC8AB3849F30}.Release|ARM.ActiveCfg = Release|Any CPU
		{0A253EE7-02E0-4464-B711-CC8AB3849F30}.Release|ARM.Build.0 = Release|Any CPU
		{0A253EE7-02E0-4464-B711-CC8AB3849F30}.Release|iPhone.ActiveCfg = Release|Any CPU
		{0A253EE7-02E0-4464-B711-CC8AB3849F30}.Release|iPhone.Build.0 = Release|Any CPU
		{0A253EE7-02E0-4464-B711-CC8AB3849F30}.Release|iPhoneSimulator.ActiveCfg = Release|Any CPU
		{0A253EE7-02E0-4464-B711-CC8AB3849F30}.Release|iPhoneSimulator.Build.0 = Release|Any CPU
		{0A253EE7-02E0-4464-B711-CC8AB3849F30}.Release|x64.ActiveCfg = Release|Any CPU
		{0A253EE7-02E0-4464-B711-CC8AB3849F30}.Release|x64.Build.0 = Release|Any CPU
		{0A253EE7-02E0-4464-B711-CC8AB3849F30}.Release|x86.ActiveCfg = Release|Any CPU
		{0A253EE7-02E0-4464-B711-CC8AB3849F30}.Release|x86.Build.0 = Release|Any CPU
		{7818596D-401B-4B65-9E9C-945BE688178C}.Ad-Hoc|Any CPU.ActiveCfg = Debug|Any CPU
		{7818596D-401B-4B65-9E9C-945BE688178C}.Ad-Hoc|Any CPU.Build.0 = Debug|Any CPU
		{7818596D-401B-4B65-9E9C-945BE688178C}.Ad-Hoc|Any CPU.Deploy.0 = Debug|Any CPU
		{7818596D-401B-4B65-9E9C-945BE688178C}.Ad-Hoc|ARM.ActiveCfg = Debug|Any CPU
		{7818596D-401B-4B65-9E9C-945BE688178C}.Ad-Hoc|ARM.Build.0 = Debug|Any CPU
		{7818596D-401B-4B65-9E9C-945BE688178C}.Ad-Hoc|ARM.Deploy.0 = Debug|Any CPU
		{7818596D-401B-4B65-9E9C-945BE688178C}.Ad-Hoc|iPhone.ActiveCfg = Debug|Any CPU
		{7818596D-401B-4B65-9E9C-945BE688178C}.Ad-Hoc|iPhone.Build.0 = Debug|Any CPU
		{7818596D-401B-4B65-9E9C-945BE688178C}.Ad-Hoc|iPhone.Deploy.0 = Debug|Any CPU
		{7818596D-401B-4B65-9E9C-945BE688178C}.Ad-Hoc|iPhoneSimulator.ActiveCfg = Debug|Any CPU
		{7818596D-401B-4B65-9E9C-945BE688178C}.Ad-Hoc|iPhoneSimulator.Build.0 = Debug|Any CPU
		{7818596D-401B-4B65-9E9C-945BE688178C}.Ad-Hoc|iPhoneSimulator.Deploy.0 = Debug|Any CPU
		{7818596D-401B-4B65-9E9C-945BE688178C}.Ad-Hoc|x64.ActiveCfg = Debug|Any CPU
		{7818596D-401B-4B65-9E9C-945BE688178C}.Ad-Hoc|x64.Build.0 = Debug|Any CPU
		{7818596D-401B-4B65-9E9C-945BE688178C}.Ad-Hoc|x64.Deploy.0 = Debug|Any CPU
		{7818596D-401B-4B65-9E9C-945BE688178C}.Ad-Hoc|x86.ActiveCfg = Debug|Any CPU
		{7818596D-401B-4B65-9E9C-945BE688178C}.Ad-Hoc|x86.Build.0 = Debug|Any CPU
		{7818596D-401B-4B65-9E9C-945BE688178C}.Ad-Hoc|x86.Deploy.0 = Debug|Any CPU
		{7818596D-401B-4B65-9E9C-945BE688178C}.AppStore|Any CPU.ActiveCfg = Debug|Any CPU
		{7818596D-401B-4B65-9E9C-945BE688178C}.AppStore|Any CPU.Build.0 = Debug|Any CPU
		{7818596D-401B-4B65-9E9C-945BE688178C}.AppStore|Any CPU.Deploy.0 = Debug|Any CPU
		{7818596D-401B-4B65-9E9C-945BE688178C}.AppStore|ARM.ActiveCfg = Debug|Any CPU
		{7818596D-401B-4B65-9E9C-945BE688178C}.AppStore|ARM.Build.0 = Debug|Any CPU
		{7818596D-401B-4B65-9E9C-945BE688178C}.AppStore|ARM.Deploy.0 = Debug|Any CPU
		{7818596D-401B-4B65-9E9C-945BE688178C}.AppStore|iPhone.ActiveCfg = Debug|Any CPU
		{7818596D-401B-4B65-9E9C-945BE688178C}.AppStore|iPhone.Build.0 = Debug|Any CPU
		{7818596D-401B-4B65-9E9C-945BE688178C}.AppStore|iPhone.Deploy.0 = Debug|Any CPU
		{7818596D-401B-4B65-9E9C-945BE688178C}.AppStore|iPhoneSimulator.ActiveCfg = Debug|Any CPU
		{7818596D-401B-4B65-9E9C-945BE688178C}.AppStore|iPhoneSimulator.Build.0 = Debug|Any CPU
		{7818596D-401B-4B65-9E9C-945BE688178C}.AppStore|iPhoneSimulator.Deploy.0 = Debug|Any CPU
		{7818596D-401B-4B65-9E9C-945BE688178C}.AppStore|x64.ActiveCfg = Debug|Any CPU
		{7818596D-401B-4B65-9E9C-945BE688178C}.AppStore|x64.Build.0 = Debug|Any CPU
		{7818596D-401B-4B65-9E9C-945BE688178C}.AppStore|x64.Deploy.0 = Debug|Any CPU
		{7818596D-401B-4B65-9E9C-945BE688178C}.AppStore|x86.ActiveCfg = Debug|Any CPU
		{7818596D-401B-4B65-9E9C-945BE688178C}.AppStore|x86.Build.0 = Debug|Any CPU
		{7818596D-401B-4B65-9E9C-945BE688178C}.AppStore|x86.Deploy.0 = Debug|Any CPU
		{7818596D-401B-4B65-9E9C-945BE688178C}.Debug|Any CPU.ActiveCfg = Debug|Any CPU
		{7818596D-401B-4B65-9E9C-945BE688178C}.Debug|Any CPU.Build.0 = Debug|Any CPU
		{7818596D-401B-4B65-9E9C-945BE688178C}.Debug|Any CPU.Deploy.0 = Debug|Any CPU
		{7818596D-401B-4B65-9E9C-945BE688178C}.Debug|ARM.ActiveCfg = Debug|Any CPU
		{7818596D-401B-4B65-9E9C-945BE688178C}.Debug|ARM.Build.0 = Debug|Any CPU
		{7818596D-401B-4B65-9E9C-945BE688178C}.Debug|ARM.Deploy.0 = Debug|Any CPU
		{7818596D-401B-4B65-9E9C-945BE688178C}.Debug|iPhone.ActiveCfg = Debug|Any CPU
		{7818596D-401B-4B65-9E9C-945BE688178C}.Debug|iPhone.Build.0 = Debug|Any CPU
		{7818596D-401B-4B65-9E9C-945BE688178C}.Debug|iPhone.Deploy.0 = Debug|Any CPU
		{7818596D-401B-4B65-9E9C-945BE688178C}.Debug|iPhoneSimulator.ActiveCfg = Debug|Any CPU
		{7818596D-401B-4B65-9E9C-945BE688178C}.Debug|iPhoneSimulator.Build.0 = Debug|Any CPU
		{7818596D-401B-4B65-9E9C-945BE688178C}.Debug|iPhoneSimulator.Deploy.0 = Debug|Any CPU
		{7818596D-401B-4B65-9E9C-945BE688178C}.Debug|x64.ActiveCfg = Debug|Any CPU
		{7818596D-401B-4B65-9E9C-945BE688178C}.Debug|x64.Build.0 = Debug|Any CPU
		{7818596D-401B-4B65-9E9C-945BE688178C}.Debug|x64.Deploy.0 = Debug|Any CPU
		{7818596D-401B-4B65-9E9C-945BE688178C}.Debug|x86.ActiveCfg = Debug|Any CPU
		{7818596D-401B-4B65-9E9C-945BE688178C}.Debug|x86.Build.0 = Debug|Any CPU
		{7818596D-401B-4B65-9E9C-945BE688178C}.Debug|x86.Deploy.0 = Debug|Any CPU
		{7818596D-401B-4B65-9E9C-945BE688178C}.Release|Any CPU.ActiveCfg = Release|Any CPU
		{7818596D-401B-4B65-9E9C-945BE688178C}.Release|Any CPU.Build.0 = Release|Any CPU
		{7818596D-401B-4B65-9E9C-945BE688178C}.Release|Any CPU.Deploy.0 = Release|Any CPU
		{7818596D-401B-4B65-9E9C-945BE688178C}.Release|ARM.ActiveCfg = Release|Any CPU
		{7818596D-401B-4B65-9E9C-945BE688178C}.Release|ARM.Build.0 = Release|Any CPU
		{7818596D-401B-4B65-9E9C-945BE688178C}.Release|ARM.Deploy.0 = Release|Any CPU
		{7818596D-401B-4B65-9E9C-945BE688178C}.Release|iPhone.ActiveCfg = Release|Any CPU
		{7818596D-401B-4B65-9E9C-945BE688178C}.Release|iPhone.Build.0 = Release|Any CPU
		{7818596D-401B-4B65-9E9C-945BE688178C}.Release|iPhone.Deploy.0 = Release|Any CPU
		{7818596D-401B-4B65-9E9C-945BE688178C}.Release|iPhoneSimulator.ActiveCfg = Release|Any CPU
		{7818596D-401B-4B65-9E9C-945BE688178C}.Release|iPhoneSimulator.Build.0 = Release|Any CPU
		{7818596D-401B-4B65-9E9C-945BE688178C}.Release|iPhoneSimulator.Deploy.0 = Release|Any CPU
		{7818596D-401B-4B65-9E9C-945BE688178C}.Release|x64.ActiveCfg = Release|Any CPU
		{7818596D-401B-4B65-9E9C-945BE688178C}.Release|x64.Build.0 = Release|Any CPU
		{7818596D-401B-4B65-9E9C-945BE688178C}.Release|x64.Deploy.0 = Release|Any CPU
		{7818596D-401B-4B65-9E9C-945BE688178C}.Release|x86.ActiveCfg = Release|Any CPU
		{7818596D-401B-4B65-9E9C-945BE688178C}.Release|x86.Build.0 = Release|Any CPU
		{7818596D-401B-4B65-9E9C-945BE688178C}.Release|x86.Deploy.0 = Release|Any CPU
		{FD645DD7-CAA4-4102-AB05-0B9CC1C9DABA}.Ad-Hoc|Any CPU.ActiveCfg = Ad-Hoc|iPhoneSimulator
		{FD645DD7-CAA4-4102-AB05-0B9CC1C9DABA}.Ad-Hoc|ARM.ActiveCfg = Ad-Hoc|iPhoneSimulator
		{FD645DD7-CAA4-4102-AB05-0B9CC1C9DABA}.Ad-Hoc|iPhone.ActiveCfg = Ad-Hoc|iPhone
		{FD645DD7-CAA4-4102-AB05-0B9CC1C9DABA}.Ad-Hoc|iPhone.Build.0 = Ad-Hoc|iPhone
		{FD645DD7-CAA4-4102-AB05-0B9CC1C9DABA}.Ad-Hoc|iPhoneSimulator.ActiveCfg = Ad-Hoc|iPhoneSimulator
		{FD645DD7-CAA4-4102-AB05-0B9CC1C9DABA}.Ad-Hoc|iPhoneSimulator.Build.0 = Ad-Hoc|iPhoneSimulator
		{FD645DD7-CAA4-4102-AB05-0B9CC1C9DABA}.Ad-Hoc|x64.ActiveCfg = Ad-Hoc|iPhoneSimulator
		{FD645DD7-CAA4-4102-AB05-0B9CC1C9DABA}.Ad-Hoc|x86.ActiveCfg = Ad-Hoc|iPhoneSimulator
		{FD645DD7-CAA4-4102-AB05-0B9CC1C9DABA}.AppStore|Any CPU.ActiveCfg = AppStore|iPhoneSimulator
		{FD645DD7-CAA4-4102-AB05-0B9CC1C9DABA}.AppStore|ARM.ActiveCfg = AppStore|iPhoneSimulator
		{FD645DD7-CAA4-4102-AB05-0B9CC1C9DABA}.AppStore|iPhone.ActiveCfg = AppStore|iPhone
		{FD645DD7-CAA4-4102-AB05-0B9CC1C9DABA}.AppStore|iPhone.Build.0 = AppStore|iPhone
		{FD645DD7-CAA4-4102-AB05-0B9CC1C9DABA}.AppStore|iPhoneSimulator.ActiveCfg = AppStore|iPhoneSimulator
		{FD645DD7-CAA4-4102-AB05-0B9CC1C9DABA}.AppStore|iPhoneSimulator.Build.0 = AppStore|iPhoneSimulator
		{FD645DD7-CAA4-4102-AB05-0B9CC1C9DABA}.AppStore|x64.ActiveCfg = AppStore|iPhoneSimulator
		{FD645DD7-CAA4-4102-AB05-0B9CC1C9DABA}.AppStore|x86.ActiveCfg = AppStore|iPhoneSimulator
		{FD645DD7-CAA4-4102-AB05-0B9CC1C9DABA}.Debug|Any CPU.ActiveCfg = Debug|iPhoneSimulator
		{FD645DD7-CAA4-4102-AB05-0B9CC1C9DABA}.Debug|Any CPU.Build.0 = Debug|iPhoneSimulator
		{FD645DD7-CAA4-4102-AB05-0B9CC1C9DABA}.Debug|ARM.ActiveCfg = Debug|iPhoneSimulator
		{FD645DD7-CAA4-4102-AB05-0B9CC1C9DABA}.Debug|iPhone.ActiveCfg = Debug|iPhone
		{FD645DD7-CAA4-4102-AB05-0B9CC1C9DABA}.Debug|iPhone.Build.0 = Debug|iPhone
		{FD645DD7-CAA4-4102-AB05-0B9CC1C9DABA}.Debug|iPhoneSimulator.ActiveCfg = Debug|iPhoneSimulator
		{FD645DD7-CAA4-4102-AB05-0B9CC1C9DABA}.Debug|iPhoneSimulator.Build.0 = Debug|iPhoneSimulator
		{FD645DD7-CAA4-4102-AB05-0B9CC1C9DABA}.Debug|x64.ActiveCfg = Debug|iPhoneSimulator
		{FD645DD7-CAA4-4102-AB05-0B9CC1C9DABA}.Debug|x86.ActiveCfg = Debug|iPhoneSimulator
		{FD645DD7-CAA4-4102-AB05-0B9CC1C9DABA}.Release|Any CPU.ActiveCfg = Release|iPhoneSimulator
		{FD645DD7-CAA4-4102-AB05-0B9CC1C9DABA}.Release|ARM.ActiveCfg = Release|iPhoneSimulator
		{FD645DD7-CAA4-4102-AB05-0B9CC1C9DABA}.Release|iPhone.ActiveCfg = Release|iPhone
		{FD645DD7-CAA4-4102-AB05-0B9CC1C9DABA}.Release|iPhone.Build.0 = Release|iPhone
		{FD645DD7-CAA4-4102-AB05-0B9CC1C9DABA}.Release|iPhoneSimulator.ActiveCfg = Release|iPhoneSimulator
		{FD645DD7-CAA4-4102-AB05-0B9CC1C9DABA}.Release|iPhoneSimulator.Build.0 = Release|iPhoneSimulator
		{FD645DD7-CAA4-4102-AB05-0B9CC1C9DABA}.Release|x64.ActiveCfg = Release|iPhoneSimulator
		{FD645DD7-CAA4-4102-AB05-0B9CC1C9DABA}.Release|x86.ActiveCfg = Release|iPhoneSimulator
		{20C91B71-C79F-42C9-B75C-00BD72F6F79B}.Ad-Hoc|Any CPU.ActiveCfg = Debug|ARM
		{20C91B71-C79F-42C9-B75C-00BD72F6F79B}.Ad-Hoc|Any CPU.Build.0 = Debug|ARM
		{20C91B71-C79F-42C9-B75C-00BD72F6F79B}.Ad-Hoc|Any CPU.Deploy.0 = Debug|ARM
		{20C91B71-C79F-42C9-B75C-00BD72F6F79B}.Ad-Hoc|ARM.ActiveCfg = Debug|ARM
		{20C91B71-C79F-42C9-B75C-00BD72F6F79B}.Ad-Hoc|ARM.Build.0 = Debug|ARM
		{20C91B71-C79F-42C9-B75C-00BD72F6F79B}.Ad-Hoc|ARM.Deploy.0 = Debug|ARM
		{20C91B71-C79F-42C9-B75C-00BD72F6F79B}.Ad-Hoc|iPhone.ActiveCfg = Debug|ARM
		{20C91B71-C79F-42C9-B75C-00BD72F6F79B}.Ad-Hoc|iPhone.Build.0 = Debug|ARM
		{20C91B71-C79F-42C9-B75C-00BD72F6F79B}.Ad-Hoc|iPhone.Deploy.0 = Debug|ARM
		{20C91B71-C79F-42C9-B75C-00BD72F6F79B}.Ad-Hoc|iPhoneSimulator.ActiveCfg = Debug|ARM
		{20C91B71-C79F-42C9-B75C-00BD72F6F79B}.Ad-Hoc|iPhoneSimulator.Build.0 = Debug|ARM
		{20C91B71-C79F-42C9-B75C-00BD72F6F79B}.Ad-Hoc|iPhoneSimulator.Deploy.0 = Debug|ARM
		{20C91B71-C79F-42C9-B75C-00BD72F6F79B}.Ad-Hoc|x64.ActiveCfg = Debug|x64
		{20C91B71-C79F-42C9-B75C-00BD72F6F79B}.Ad-Hoc|x64.Build.0 = Debug|x64
		{20C91B71-C79F-42C9-B75C-00BD72F6F79B}.Ad-Hoc|x64.Deploy.0 = Debug|x64
		{20C91B71-C79F-42C9-B75C-00BD72F6F79B}.Ad-Hoc|x86.ActiveCfg = Debug|x86
		{20C91B71-C79F-42C9-B75C-00BD72F6F79B}.Ad-Hoc|x86.Build.0 = Debug|x86
		{20C91B71-C79F-42C9-B75C-00BD72F6F79B}.Ad-Hoc|x86.Deploy.0 = Debug|x86
		{20C91B71-C79F-42C9-B75C-00BD72F6F79B}.AppStore|Any CPU.ActiveCfg = Debug|ARM
		{20C91B71-C79F-42C9-B75C-00BD72F6F79B}.AppStore|Any CPU.Build.0 = Debug|ARM
		{20C91B71-C79F-42C9-B75C-00BD72F6F79B}.AppStore|Any CPU.Deploy.0 = Debug|ARM
		{20C91B71-C79F-42C9-B75C-00BD72F6F79B}.AppStore|ARM.ActiveCfg = Debug|ARM
		{20C91B71-C79F-42C9-B75C-00BD72F6F79B}.AppStore|ARM.Build.0 = Debug|ARM
		{20C91B71-C79F-42C9-B75C-00BD72F6F79B}.AppStore|ARM.Deploy.0 = Debug|ARM
		{20C91B71-C79F-42C9-B75C-00BD72F6F79B}.AppStore|iPhone.ActiveCfg = Debug|ARM
		{20C91B71-C79F-42C9-B75C-00BD72F6F79B}.AppStore|iPhone.Build.0 = Debug|ARM
		{20C91B71-C79F-42C9-B75C-00BD72F6F79B}.AppStore|iPhone.Deploy.0 = Debug|ARM
		{20C91B71-C79F-42C9-B75C-00BD72F6F79B}.AppStore|iPhoneSimulator.ActiveCfg = Debug|ARM
		{20C91B71-C79F-42C9-B75C-00BD72F6F79B}.AppStore|iPhoneSimulator.Build.0 = Debug|ARM
		{20C91B71-C79F-42C9-B75C-00BD72F6F79B}.AppStore|iPhoneSimulator.Deploy.0 = Debug|ARM
		{20C91B71-C79F-42C9-B75C-00BD72F6F79B}.AppStore|x64.ActiveCfg = Debug|x64
		{20C91B71-C79F-42C9-B75C-00BD72F6F79B}.AppStore|x64.Build.0 = Debug|x64
		{20C91B71-C79F-42C9-B75C-00BD72F6F79B}.AppStore|x64.Deploy.0 = Debug|x64
		{20C91B71-C79F-42C9-B75C-00BD72F6F79B}.AppStore|x86.ActiveCfg = Debug|x86
		{20C91B71-C79F-42C9-B75C-00BD72F6F79B}.AppStore|x86.Build.0 = Debug|x86
		{20C91B71-C79F-42C9-B75C-00BD72F6F79B}.AppStore|x86.Deploy.0 = Debug|x86
		{20C91B71-C79F-42C9-B75C-00BD72F6F79B}.Debug|Any CPU.ActiveCfg = Debug|x86
		{20C91B71-C79F-42C9-B75C-00BD72F6F79B}.Debug|Any CPU.Build.0 = Debug|x86
		{20C91B71-C79F-42C9-B75C-00BD72F6F79B}.Debug|Any CPU.Deploy.0 = Debug|x86
		{20C91B71-C79F-42C9-B75C-00BD72F6F79B}.Debug|ARM.ActiveCfg = Debug|ARM
		{20C91B71-C79F-42C9-B75C-00BD72F6F79B}.Debug|ARM.Build.0 = Debug|ARM
		{20C91B71-C79F-42C9-B75C-00BD72F6F79B}.Debug|ARM.Deploy.0 = Debug|ARM
		{20C91B71-C79F-42C9-B75C-00BD72F6F79B}.Debug|iPhone.ActiveCfg = Debug|x86
		{20C91B71-C79F-42C9-B75C-00BD72F6F79B}.Debug|iPhoneSimulator.ActiveCfg = Debug|x86
		{20C91B71-C79F-42C9-B75C-00BD72F6F79B}.Debug|iPhoneSimulator.Build.0 = Debug|x86
		{20C91B71-C79F-42C9-B75C-00BD72F6F79B}.Debug|iPhoneSimulator.Deploy.0 = Debug|x86
		{20C91B71-C79F-42C9-B75C-00BD72F6F79B}.Debug|x64.ActiveCfg = Debug|x64
		{20C91B71-C79F-42C9-B75C-00BD72F6F79B}.Debug|x64.Build.0 = Debug|x64
		{20C91B71-C79F-42C9-B75C-00BD72F6F79B}.Debug|x64.Deploy.0 = Debug|x64
		{20C91B71-C79F-42C9-B75C-00BD72F6F79B}.Debug|x86.ActiveCfg = Debug|x86
		{20C91B71-C79F-42C9-B75C-00BD72F6F79B}.Debug|x86.Build.0 = Debug|x86
		{20C91B71-C79F-42C9-B75C-00BD72F6F79B}.Debug|x86.Deploy.0 = Debug|x86
		{20C91B71-C79F-42C9-B75C-00BD72F6F79B}.Release|Any CPU.ActiveCfg = Release|x86
		{20C91B71-C79F-42C9-B75C-00BD72F6F79B}.Release|ARM.ActiveCfg = Release|ARM
		{20C91B71-C79F-42C9-B75C-00BD72F6F79B}.Release|ARM.Build.0 = Release|ARM
		{20C91B71-C79F-42C9-B75C-00BD72F6F79B}.Release|ARM.Deploy.0 = Release|ARM
		{20C91B71-C79F-42C9-B75C-00BD72F6F79B}.Release|iPhone.ActiveCfg = Release|x86
		{20C91B71-C79F-42C9-B75C-00BD72F6F79B}.Release|iPhoneSimulator.ActiveCfg = Release|x86
		{20C91B71-C79F-42C9-B75C-00BD72F6F79B}.Release|x64.ActiveCfg = Release|x64
		{20C91B71-C79F-42C9-B75C-00BD72F6F79B}.Release|x64.Build.0 = Release|x64
		{20C91B71-C79F-42C9-B75C-00BD72F6F79B}.Release|x64.Deploy.0 = Release|x64
		{20C91B71-C79F-42C9-B75C-00BD72F6F79B}.Release|x86.ActiveCfg = Release|x86
		{20C91B71-C79F-42C9-B75C-00BD72F6F79B}.Release|x86.Build.0 = Release|x86
		{20C91B71-C79F-42C9-B75C-00BD72F6F79B}.Release|x86.Deploy.0 = Release|x86
	EndGlobalSection
	GlobalSection(SolutionProperties) = preSolution
		HideSolutionNode = FALSE
	EndGlobalSection
	GlobalSection(ExtensibilityGlobals) = postSolution
		SolutionGuid = {FA4E6733-6555-46A7-B765-D11C36903850}
	EndGlobalSection
EndGlobal
